// !$*UTF8*$!
{
	archiveVersion = 1;
	classes = {
	};
	objectVersion = 50;
	objects = {

/* Begin PBXBuildFile section */
		B9DD23DC2358B606000E8644 /* AppDelegate.swift in Sources */ = {isa = PBXBuildFile; fileRef = B9DD23DB2358B606000E8644 /* AppDelegate.swift */; };
		B9DD23DE2358B606000E8644 /* ViewController.swift in Sources */ = {isa = PBXBuildFile; fileRef = B9DD23DD2358B606000E8644 /* ViewController.swift */; };
		B9DD23E12358B606000E8644 /* Main.storyboard in Resources */ = {isa = PBXBuildFile; fileRef = B9DD23DF2358B606000E8644 /* Main.storyboard */; };
		B9DD23E32358B60C000E8644 /* Assets.xcassets in Resources */ = {isa = PBXBuildFile; fileRef = B9DD23E22358B60C000E8644 /* Assets.xcassets */; };
		B9DD23E62358B60C000E8644 /* LaunchScreen.storyboard in Resources */ = {isa = PBXBuildFile; fileRef = B9DD23E42358B60C000E8644 /* LaunchScreen.storyboard */; };
		B9DD23EE2358E8AA000E8644 /* Missoes.swift in Sources */ = {isa = PBXBuildFile; fileRef = B9DD23ED2358E8AA000E8644 /* Missoes.swift */; };
		B9DD23F02358EAA5000E8644 /* MissaoCell.swift in Sources */ = {isa = PBXBuildFile; fileRef = B9DD23EF2358EAA5000E8644 /* MissaoCell.swift */; };
/* End PBXBuildFile section */

/* Begin PBXFileReference section */
		B9DD23D82358B606000E8644 /* practiceLayout.app */ = {isa = PBXFileReference; explicitFileType = wrapper.application; includeInIndex = 0; path = practiceLayout.app; sourceTree = BUILT_PRODUCTS_DIR; };
		B9DD23DB2358B606000E8644 /* AppDelegate.swift */ = {isa = PBXFileReference; lastKnownFileType = sourcecode.swift; path = AppDelegate.swift; sourceTree = "<group>"; };
		B9DD23DD2358B606000E8644 /* ViewController.swift */ = {isa = PBXFileReference; lastKnownFileType = sourcecode.swift; path = ViewController.swift; sourceTree = "<group>"; };
		B9DD23E02358B606000E8644 /* Base */ = {isa = PBXFileReference; lastKnownFileType = file.storyboard; name = Base; path = Base.lproj/Main.storyboard; sourceTree = "<group>"; };
		B9DD23E22358B60C000E8644 /* Assets.xcassets */ = {isa = PBXFileReference; lastKnownFileType = folder.assetcatalog; path = Assets.xcassets; sourceTree = "<group>"; };
		B9DD23E52358B60C000E8644 /* Base */ = {isa = PBXFileReference; lastKnownFileType = file.storyboard; name = Base; path = Base.lproj/LaunchScreen.storyboard; sourceTree = "<group>"; };
		B9DD23E72358B60C000E8644 /* Info.plist */ = {isa = PBXFileReference; lastKnownFileType = text.plist.xml; path = Info.plist; sourceTree = "<group>"; };
		B9DD23ED2358E8AA000E8644 /* Missoes.swift */ = {isa = PBXFileReference; lastKnownFileType = sourcecode.swift; path = Missoes.swift; sourceTree = "<group>"; };
		B9DD23EF2358EAA5000E8644 /* MissaoCell.swift */ = {isa = PBXFileReference; lastKnownFileType = sourcecode.swift; path = MissaoCell.swift; sourceTree = "<group>"; };
/* End PBXFileReference section */

/* Begin PBXFrameworksBuildPhase section */
		B9DD23D52358B606000E8644 /* Frameworks */ = {
			isa = PBXFrameworksBuildPhase;
			buildActionMask = 2147483647;
			files = (
			);
			runOnlyForDeploymentPostprocessing = 0;
		};
/* End PBXFrameworksBuildPhase section */

/* Begin PBXGroup section */
		B9DD23CF2358B606000E8644 = {
			isa = PBXGroup;
			children = (
				B9DD23DA2358B606000E8644 /* practiceLayout */,
				B9DD23D92358B606000E8644 /* Products */,
			);
			sourceTree = "<group>";
		};
		B9DD23D92358B606000E8644 /* Products */ = {
			isa = PBXGroup;
			children = (
				B9DD23D82358B606000E8644 /* practiceLayout.app */,
			);
			name = Products;
			sourceTree = "<group>";
		};
		B9DD23DA2358B606000E8644 /* practiceLayout */ = {
			isa = PBXGroup;
			children = (
				B9DD23DB2358B606000E8644 /* AppDelegate.swift */,
				B9DD23DD2358B606000E8644 /* ViewController.swift */,
				B9DD23DF2358B606000E8644 /* Main.storyboard */,
				B9DD23E22358B60C000E8644 /* Assets.xcassets */,
				B9DD23E42358B60C000E8644 /* LaunchScreen.storyboard */,
				B9DD23E72358B60C000E8644 /* Info.plist */,
				B9DD23ED2358E8AA000E8644 /* Missoes.swift */,
				B9DD23EF2358EAA5000E8644 /* MissaoCell.swift */,
			);
			path = practiceLayout;
			sourceTree = "<group>";
		};
/* End PBXGroup section */

/* Begin PBXNativeTarget section */
		B9DD23D72358B606000E8644 /* practiceLayout */ = {
			isa = PBXNativeTarget;
			buildConfigurationList = B9DD23EA2358B60C000E8644 /* Build configuration list for PBXNativeTarget "practiceLayout" */;
			buildPhases = (
				B9DD23D42358B606000E8644 /* Sources */,
				B9DD23D52358B606000E8644 /* Frameworks */,
				B9DD23D62358B606000E8644 /* Resources */,
			);
			buildRules = (
			);
			dependencies = (
			);
			name = practiceLayout;
			productName = practiceLayout;
			productReference = B9DD23D82358B606000E8644 /* practiceLayout.app */;
			productType = "com.apple.product-type.application";
		};
/* End PBXNativeTarget section */

/* Begin PBXProject section */
		B9DD23D02358B606000E8644 /* Project object */ = {
			isa = PBXProject;
			attributes = {
				LastSwiftUpdateCheck = 1030;
				LastUpgradeCheck = 1030;
				ORGANIZATIONNAME = "Letícia Portela";
				TargetAttributes = {
					B9DD23D72358B606000E8644 = {
						CreatedOnToolsVersion = 10.3;
					};
				};
			};
			buildConfigurationList = B9DD23D32358B606000E8644 /* Build configuration list for PBXProject "practiceLayout" */;
			compatibilityVersion = "Xcode 9.3";
			developmentRegion = en;
			hasScannedForEncodings = 0;
			knownRegions = (
				en,
				Base,
			);
			mainGroup = B9DD23CF2358B606000E8644;
			productRefGroup = B9DD23D92358B606000E8644 /* Products */;
			projectDirPath = "";
			projectRoot = "";
			targets = (
				B9DD23D72358B606000E8644 /* practiceLayout */,
			);
		};
/* End PBXProject section */

/* Begin PBXResourcesBuildPhase section */
		B9DD23D62358B606000E8644 /* Resources */ = {
			isa = PBXResourcesBuildPhase;
			buildActionMask = 2147483647;
			files = (
				B9DD23E62358B60C000E8644 /* LaunchScreen.storyboard in Resources */,
				B9DD23E32358B60C000E8644 /* Assets.xcassets in Resources */,
				B9DD23E12358B606000E8644 /* Main.storyboard in Resources */,
			);
			runOnlyForDeploymentPostprocessing = 0;
		};
/* End PBXResourcesBuildPhase section */

/* Begin PBXSourcesBuildPhase section */
		B9DD23D42358B606000E8644 /* Sources */ = {
			isa = PBXSourcesBuildPhase;
			buildActionMask = 2147483647;
			files = (
				B9DD23EE2358E8AA000E8644 /* Missoes.swift in Sources */,
				B9DD23DE2358B606000E8644 /* ViewController.swift in Sources */,
				B9DD23DC2358B606000E8644 /* AppDelegate.swift in Sources */,
				B9DD23F02358EAA5000E8644 /* MissaoCell.swift in Sources */,
			);
			runOnlyForDeploymentPostprocessing = 0;
		};
/* End PBXSourcesBuildPhase section */

/* Begin PBXVariantGroup section */
		B9DD23DF2358B606000E8644 /* Main.storyboard */ = {
			isa = PBXVariantGroup;
			children = (
				B9DD23E02358B606000E8644 /* Base */,
			);
			name = Main.storyboard;
			sourceTree = "<group>";
		};
		B9DD23E42358B60C000E8644 /* LaunchScreen.storyboard */ = {
			isa = PBXVariantGroup;
			children = (
				B9DD23E52358B60C000E8644 /* Base */,
			);
			name = LaunchScreen.storyboard;
			sourceTree = "<group>";
		};
/* End PBXVariantGroup section */

/* Begin XCBuildConfiguration section */
		B9DD23E82358B60C000E8644 /* Debug */ = {
			isa = XCBuildConfiguration;
			buildSettings = {
				ALWAYS_SEARCH_USER_PATHS = NO;
				CLANG_ANALYZER_NONNULL = YES;
				CLANG_ANALYZER_NUMBER_OBJECT_CONVERSION = YES_AGGRESSIVE;
				CLANG_CXX_LANGUAGE_STANDARD = "gnu++14";
				CLANG_CXX_LIBRARY = "libc++";
				CLANG_ENABLE_MODULES = YES;
				CLANG_ENABLE_OBJC_ARC = YES;
				CLANG_ENABLE_OBJC_WEAK = YES;
				CLANG_WARN_BLOCK_CAPTURE_AUTORELEASING = YES;
				CLANG_WARN_BOOL_CONVERSION = YES;
				CLANG_WARN_COMMA = YES;
				CLANG_WARN_CONSTANT_CONVERSION = YES;
				CLANG_WARN_DEPRECATED_OBJC_IMPLEMENTATIONS = YES;
				CLANG_WARN_DIRECT_OBJC_ISA_USAGE = YES_ERROR;
				CLANG_WARN_DOCUMENTATION_COMMENTS = YES;
				CLANG_WARN_EMPTY_BODY = YES;
				CLANG_WARN_ENUM_CONVERSION = YES;
				CLANG_WARN_INFINITE_RECURSION = YES;
				CLANG_WARN_INT_CONVERSION = YES;
				CLANG_WARN_NON_LITERAL_NULL_CONVERSION = YES;
				CLANG_WARN_OBJC_IMPLICIT_RETAIN_SELF = YES;
				CLANG_WARN_OBJC_LITERAL_CONVERSION = YES;
				CLANG_WARN_OBJC_ROOT_CLASS = YES_ERROR;
				CLANG_WARN_RANGE_LOOP_ANALYSIS = YES;
				CLANG_WARN_STRICT_PROTOTYPES = YES;
				CLANG_WARN_SUSPICIOUS_MOVE = YES;
				CLANG_WARN_UNGUARDED_AVAILABILITY = YES_AGGRESSIVE;
				CLANG_WARN_UNREACHABLE_CODE = YES;
				CLANG_WARN__DUPLICATE_METHOD_MATCH = YES;
				CODE_SIGN_IDENTITY = "iPhone Developer";
				COPY_PHASE_STRIP = NO;
				DEBUG_INFORMATION_FORMAT = dwarf;
				ENABLE_STRICT_OBJC_MSGSEND = YES;
				ENABLE_TESTABILITY = YES;
				GCC_C_LANGUAGE_STANDARD = gnu11;
				GCC_DYNAMIC_NO_PIC = NO;
				GCC_NO_COMMON_BLOCKS = YES;
				GCC_OPTIMIZATION_LEVEL = 0;
				GCC_PREPROCESSOR_DEFINITIONS = (
					"DEBUG=1",
					"$(inherited)",
				);
				GCC_WARN_64_TO_32_BIT_CONVERSION = YES;
				GCC_WARN_ABOUT_RETURN_TYPE = YES_ERROR;
				GCC_WARN_UNDECLARED_SELECTOR = YES;
				GCC_WARN_UNINITIALIZED_AUTOS = YES_AGGRESSIVE;
				GCC_WARN_UNUSED_FUNCTION = YES;
				GCC_WARN_UNUSED_VARIABLE = YES;
				IPHONEOS_DEPLOYMENT_TARGET = 12.4;
				MTL_ENABLE_DEBUG_INFO = INCLUDE_SOURCE;
				MTL_FAST_MATH = YES;
				ONLY_ACTIVE_ARCH = YES;
				SDKROOT = iphoneos;
				SWIFT_ACTIVE_COMPILATION_CONDITIONS = DEBUG;
				SWIFT_OPTIMIZATION_LEVEL = "-Onone";
			};
			name = Debug;
		};
		B9DD23E92358B60C000E8644 /* Release */ = {
			isa = XCBuildConfiguration;
			buildSettings = {
				ALWAYS_SEARCH_USER_PATHS = NO;
				CLANG_ANALYZER_NONNULL = YES;
				CLANG_ANALYZER_NUMBER_OBJECT_CONVERSION = YES_AGGRESSIVE;
				CLANG_CXX_LANGUAGE_STANDARD = "gnu++14";
				CLANG_CXX_LIBRARY = "libc++";
				CLANG_ENABLE_MODULES = YES;
				CLANG_ENABLE_OBJC_ARC = YES;
				CLANG_ENABLE_OBJC_WEAK = YES;
				CLANG_WARN_BLOCK_CAPTURE_AUTORELEASING = YES;
				CLANG_WARN_BOOL_CONVERSION = YES;
				CLANG_WARN_COMMA = YES;
				CLANG_WARN_CONSTANT_CONVERSION = YES;
				CLANG_WARN_DEPRECATED_OBJC_IMPLEMENTATIONS = YES;
				CLANG_WARN_DIRECT_OBJC_ISA_USAGE = YES_ERROR;
				CLANG_WARN_DOCUMENTATION_COMMENTS = YES;
				CLANG_WARN_EMPTY_BODY = YES;
				CLANG_WARN_ENUM_CONVERSION = YES;
				CLANG_WARN_INFINITE_RECURSION = YES;
				CLANG_WARN_INT_CONVERSION = YES;
				CLANG_WARN_NON_LITERAL_NULL_CONVERSION = YES;
				CLANG_WARN_OBJC_IMPLICIT_RETAIN_SELF = YES;
				CLANG_WARN_OBJC_LITERAL_CONVERSION = YES;
				CLANG_WARN_OBJC_ROOT_CLASS = YES_ERROR;
				CLANG_WARN_RANGE_LOOP_ANALYSIS = YES;
				CLANG_WARN_STRICT_PROTOTYPES = YES;
				CLANG_WARN_SUSPICIOUS_MOVE = YES;
				CLANG_WARN_UNGUARDED_AVAILABILITY = YES_AGGRESSIVE;
				CLANG_WARN_UNREACHABLE_CODE = YES;
				CLANG_WARN__DUPLICATE_METHOD_MATCH = YES;
				CODE_SIGN_IDENTITY = "iPhone Developer";
				COPY_PHASE_STRIP = NO;
				DEBUG_INFORMATION_FORMAT = "dwarf-with-dsym";
				ENABLE_NS_ASSERTIONS = NO;
				ENABLE_STRICT_OBJC_MSGSEND = YES;
				GCC_C_LANGUAGE_STANDARD = gnu11;
				GCC_NO_COMMON_BLOCKS = YES;
				GCC_WARN_64_TO_32_BIT_CONVERSION = YES;
				GCC_WARN_ABOUT_RETURN_TYPE = YES_ERROR;
				GCC_WARN_UNDECLARED_SELECTOR = YES;
				GCC_WARN_UNINITIALIZED_AUTOS = YES_AGGRESSIVE;
				GCC_WARN_UNUSED_FUNCTION = YES;
				GCC_WARN_UNUSED_VARIABLE = YES;
				IPHONEOS_DEPLOYMENT_TARGET = 12.4;
				MTL_ENABLE_DEBUG_INFO = NO;
				MTL_FAST_MATH = YES;
				SDKROOT = iphoneos;
				SWIFT_COMPILATION_MODE = wholemodule;
				SWIFT_OPTIMIZATION_LEVEL = "-O";
				VALIDATE_PRODUCT = YES;
			};
			name = Release;
		};
		B9DD23EB2358B60C000E8644 /* Debug */ = {
			isa = XCBuildConfiguration;
			buildSettings = {
				ASSETCATALOG_COMPILER_APPICON_NAME = AppIcon;
				CODE_SIGN_STYLE = Automatic;
				INFOPLIST_FILE = practiceLayout/Info.plist;
				LD_RUNPATH_SEARCH_PATHS = (
					"$(inherited)",
					"@executable_path/Frameworks",
				);
				PRODUCT_BUNDLE_IDENTIFIER = com.leticia.practiceLayout.practiceLayout;
				PRODUCT_NAME = "$(TARGET_NAME)";
				SWIFT_VERSION = 5.0;
				TARGETED_DEVICE_FAMILY = "1,2";
			};
			name = Debug;
		};
		B9DD23EC2358B60C000E8644 /* Release */ = {
			isa = XCBuildConfiguration;
			buildSettings = {
				ASSETCATALOG_COMPILER_APPICON_NAME = AppIcon;
				CODE_SIGN_STYLE = Automatic;
				INFOPLIST_FILE = practiceLayout/Info.plist;
				LD_RUNPATH_SEARCH_PATHS = (
					"$(inherited)",
					"@executable_path/Frameworks",
				);
				PRODUCT_BUNDLE_IDENTIFIER = com.leticia.practiceLayout.practiceLayout;
				PRODUCT_NAME = "$(TARGET_NAME)";
				SWIFT_VERSION = 5.0;
				TARGETED_DEVICE_FAMILY = "1,2";
			};
			name = Release;
		};
/* End XCBuildConfiguration section */

/* Begin XCConfigurationList section */
		B9DD23D32358B606000E8644 /* Build configuration list for PBXProject "practiceLayout" */ = {
			isa = XCConfigurationList;
			buildConfigurations = (
				B9DD23E82358B60C000E8644 /* Debug */,
				B9DD23E92358B60C000E8644 /* Release */,
			);
			defaultConfigurationIsVisible = 0;
			defaultConfigurationName = Release;
		};
		B9DD23EA2358B60C000E8644 /* Build configuration list for PBXNativeTarget "practiceLayout" */ = {
			isa = XCConfigurationList;
			buildConfigurations = (
				B9DD23EB2358B60C000E8644 /* Debug */,
				B9DD23EC2358B60C000E8644 /* Release */,
			);
			defaultConfigurationIsVisible = 0;
			defaultConfigurationName = Release;
		};
/* End XCConfigurationList section */
	};
	rootObject = B9DD23D02358B606000E8644 /* Project object */;
}
